
Microsoft Visual Studio Solution File, Format Version 12.00
# Visual Studio Version 17
VisualStudioVersion = 17.6.33829.357
MinimumVisualStudioVersion = 10.0.40219.1
Project("{FAE04EC0-301F-11D3-BF4B-00C04F79EFBC}") = "SpotifyDownloader", "Spotify2Shuffle\SpotifyDownloader.csproj", "{F598BD4C-794A-4413-9D12-B84B9ECD9A34}"
EndProject
Global
	GlobalSection(SolutionConfigurationPlatforms) = preSolution
		Debug|Any CPU = Debug|Any CPU
		Release|Any CPU = Release|Any CPU
	EndGlobalSection
	GlobalSection(ProjectConfigurationPlatforms) = postSolution
		{F598BD4C-794A-4413-9D12-B84B9ECD9A34}.Debug|Any CPU.ActiveCfg = Debug|Any CPU
		{F598BD4C-794A-4413-9D12-B84B9ECD9A34}.Debug|Any CPU.Build.0 = Debug|Any CPU
		{F598BD4C-794A-4413-9D12-B84B9ECD9A34}.Release|Any CPU.ActiveCfg = Release|Any CPU
		{F598BD4C-794A-4413-9D12-B84B9ECD9A34}.Release|Any CPU.Build.0 = Release|Any CPU
	EndGlobalSection
	GlobalSection(SolutionProperties) = preSolution
		HideSolutionNode = FALSE
	EndGlobalSection
	GlobalSection(ExtensibilityGlobals) = postSolution
		SolutionGuid = {344A74E7-EC88-4AA3-84CF-F5DC62FBF126}
	EndGlobalSection
EndGlobal
